
Microsoft Visual Studio Solution File, Format Version 12.00
# Visual Studio Version 17
VisualStudioVersion = 17.11.35312.102
MinimumVisualStudioVersion = 10.0.40219.1
Project("{9A19103F-16F7-4668-BE54-9A1E7A4F7556}") = "DefaultEngine.Editor.Api", "DefaultEngine.Editor.Api\DefaultEngine.Editor.Api.csproj", "{39F6FACC-87F0-470F-B97F-A90A936034A6}"
EndProject
Project("{2150E333-8FDC-42A3-9474-1A3956D46DE8}") = ".solution items", ".solution items", "{D5F5E961-3680-43E5-8B94-0E394E8DB011}"
	ProjectSection(SolutionItems) = preProject
		Directory.Build.props = Directory.Build.props
	EndProjectSection
EndProject
Project("{9A19103F-16F7-4668-BE54-9A1E7A4F7556}") = "Test", "Test\Test.csproj", "{FF932575-1FD1-4306-8AD2-7CF117622B57}"
EndProject
Project("{9A19103F-16F7-4668-BE54-9A1E7A4F7556}") = "DefaultEngine.Editor", "DefaultEngine.Editor\DefaultEngine.Editor.csproj", "{2A31FF43-A473-45A5-BEC0-F6AD231F3A04}"
EndProject
Project("{FAE04EC0-301F-11D3-BF4B-00C04F79EFBC}") = "DummyGame.Editor", "DummyGame.Editor\DummyGame.Editor.csproj", "{E2767782-6BF8-4CCA-9997-74D803B88208}"
EndProject
Project("{2150E333-8FDC-42A3-9474-1A3956D46DE8}") = "Tests", "Tests", "{02EA681E-C7D8-13C7-8484-4AC65E1B71E8}"
EndProject
Project("{FAE04EC0-301F-11D3-BF4B-00C04F79EFBC}") = "DefaultApplication", "DefaultApplication\DefaultApplication.csproj", "{F70AE01D-B605-473D-97FD-3057AE555D07}"
EndProject
Project("{FAE04EC0-301F-11D3-BF4B-00C04F79EFBC}") = "DefaultApplication.Api", "DefaultApplication.Api\DefaultApplication.Api.csproj", "{8DEF46BC-FDFD-4240-9F95-4F67F9FC3A9C}"
EndProject
Project("{FAE04EC0-301F-11D3-BF4B-00C04F79EFBC}") = "DefaultApplication.Plugin.DefaultUnDo", "DefaultApplication.Plugin.DefaultUnDo\DefaultApplication.Plugin.DefaultUnDo.csproj", "{5E83EBCA-577A-47DD-9CF1-1752E1A59617}"
EndProject
Project("{FAE04EC0-301F-11D3-BF4B-00C04F79EFBC}") = "DefaultApplication.Plugin.Messenger", "DefaultApplication.Plugin.Messenger\DefaultApplication.Plugin.Messenger.csproj", "{A4CE9D84-D6B2-48E5-B378-637AADFE6CBD}"
EndProject
Project("{FAE04EC0-301F-11D3-BF4B-00C04F79EFBC}") = "DefaultApplication.Core", "DefaultApplication.Core\DefaultApplication.Core.csproj", "{D672210F-DD09-474F-8A53-89681951CEEA}"
EndProject
Project("{FAE04EC0-301F-11D3-BF4B-00C04F79EFBC}") = "DefaultApplication.Browser", "DefaultApplication.Browser\DefaultApplication.Browser.csproj", "{EB501521-257E-0549-CD7B-89C777A33E1C}"
EndProject
Project("{2150E333-8FDC-42A3-9474-1A3956D46DE8}") = "_DefaultApplication", "_DefaultApplication", "{3475B6FA-FE56-40D6-BBCD-154B9CD3049B}"
EndProject
Project("{FAE04EC0-301F-11D3-BF4B-00C04F79EFBC}") = "DefaultApplication.Plugin.DockingLayout", "DefaultApplication.Plugin.DockingLayout\DefaultApplication.Plugin.DockingLayout.csproj", "{FD816EC5-F00E-4703-B053-606924251564}"
EndProject
Project("{2150E333-8FDC-42A3-9474-1A3956D46DE8}") = "Plugins", "Plugins", "{9A97DCB1-011D-474A-82FF-A65AC151E371}"
EndProject
Global
	GlobalSection(SolutionConfigurationPlatforms) = preSolution
		Debug|Any CPU = Debug|Any CPU
		Release|Any CPU = Release|Any CPU
	EndGlobalSection
	GlobalSection(ProjectConfigurationPlatforms) = postSolution
		{39F6FACC-87F0-470F-B97F-A90A936034A6}.Debug|Any CPU.ActiveCfg = Debug|Any CPU
		{39F6FACC-87F0-470F-B97F-A90A936034A6}.Debug|Any CPU.Build.0 = Debug|Any CPU
		{39F6FACC-87F0-470F-B97F-A90A936034A6}.Release|Any CPU.ActiveCfg = Release|Any CPU
		{39F6FACC-87F0-470F-B97F-A90A936034A6}.Release|Any CPU.Build.0 = Release|Any CPU
		{FF932575-1FD1-4306-8AD2-7CF117622B57}.Debug|Any CPU.ActiveCfg = Debug|Any CPU
		{FF932575-1FD1-4306-8AD2-7CF117622B57}.Debug|Any CPU.Build.0 = Debug|Any CPU
		{FF932575-1FD1-4306-8AD2-7CF117622B57}.Release|Any CPU.ActiveCfg = Release|Any CPU
		{FF932575-1FD1-4306-8AD2-7CF117622B57}.Release|Any CPU.Build.0 = Release|Any CPU
		{2A31FF43-A473-45A5-BEC0-F6AD231F3A04}.Debug|Any CPU.ActiveCfg = Debug|Any CPU
		{2A31FF43-A473-45A5-BEC0-F6AD231F3A04}.Debug|Any CPU.Build.0 = Debug|Any CPU
		{2A31FF43-A473-45A5-BEC0-F6AD231F3A04}.Release|Any CPU.ActiveCfg = Release|Any CPU
		{2A31FF43-A473-45A5-BEC0-F6AD231F3A04}.Release|Any CPU.Build.0 = Release|Any CPU
		{E2767782-6BF8-4CCA-9997-74D803B88208}.Debug|Any CPU.ActiveCfg = Debug|Any CPU
		{E2767782-6BF8-4CCA-9997-74D803B88208}.Debug|Any CPU.Build.0 = Debug|Any CPU
		{E2767782-6BF8-4CCA-9997-74D803B88208}.Release|Any CPU.ActiveCfg = Release|Any CPU
		{E2767782-6BF8-4CCA-9997-74D803B88208}.Release|Any CPU.Build.0 = Release|Any CPU
		{F70AE01D-B605-473D-97FD-3057AE555D07}.Debug|Any CPU.ActiveCfg = Debug|Any CPU
		{F70AE01D-B605-473D-97FD-3057AE555D07}.Debug|Any CPU.Build.0 = Debug|Any CPU
		{F70AE01D-B605-473D-97FD-3057AE555D07}.Release|Any CPU.ActiveCfg = Release|Any CPU
		{F70AE01D-B605-473D-97FD-3057AE555D07}.Release|Any CPU.Build.0 = Release|Any CPU
		{8DEF46BC-FDFD-4240-9F95-4F67F9FC3A9C}.Debug|Any CPU.ActiveCfg = Debug|Any CPU
		{8DEF46BC-FDFD-4240-9F95-4F67F9FC3A9C}.Debug|Any CPU.Build.0 = Debug|Any CPU
		{8DEF46BC-FDFD-4240-9F95-4F67F9FC3A9C}.Release|Any CPU.ActiveCfg = Release|Any CPU
		{8DEF46BC-FDFD-4240-9F95-4F67F9FC3A9C}.Release|Any CPU.Build.0 = Release|Any CPU
		{5E83EBCA-577A-47DD-9CF1-1752E1A59617}.Debug|Any CPU.ActiveCfg = Debug|Any CPU
		{5E83EBCA-577A-47DD-9CF1-1752E1A59617}.Debug|Any CPU.Build.0 = Debug|Any CPU
		{5E83EBCA-577A-47DD-9CF1-1752E1A59617}.Release|Any CPU.ActiveCfg = Release|Any CPU
		{5E83EBCA-577A-47DD-9CF1-1752E1A59617}.Release|Any CPU.Build.0 = Release|Any CPU
		{A4CE9D84-D6B2-48E5-B378-637AADFE6CBD}.Debug|Any CPU.ActiveCfg = Debug|Any CPU
		{A4CE9D84-D6B2-48E5-B378-637AADFE6CBD}.Debug|Any CPU.Build.0 = Debug|Any CPU
		{A4CE9D84-D6B2-48E5-B378-637AADFE6CBD}.Release|Any CPU.ActiveCfg = Release|Any CPU
		{A4CE9D84-D6B2-48E5-B378-637AADFE6CBD}.Release|Any CPU.Build.0 = Release|Any CPU
		{D672210F-DD09-474F-8A53-89681951CEEA}.Debug|Any CPU.ActiveCfg = Debug|Any CPU
		{D672210F-DD09-474F-8A53-89681951CEEA}.Debug|Any CPU.Build.0 = Debug|Any CPU
		{D672210F-DD09-474F-8A53-89681951CEEA}.Release|Any CPU.ActiveCfg = Release|Any CPU
		{D672210F-DD09-474F-8A53-89681951CEEA}.Release|Any CPU.Build.0 = Release|Any CPU
		{EB501521-257E-0549-CD7B-89C777A33E1C}.Debug|Any CPU.ActiveCfg = Debug|Any CPU
		{EB501521-257E-0549-CD7B-89C777A33E1C}.Debug|Any CPU.Build.0 = Debug|Any CPU
		{EB501521-257E-0549-CD7B-89C777A33E1C}.Release|Any CPU.ActiveCfg = Release|Any CPU
		{EB501521-257E-0549-CD7B-89C777A33E1C}.Release|Any CPU.Build.0 = Release|Any CPU
		{FD816EC5-F00E-4703-B053-606924251564}.Debug|Any CPU.ActiveCfg = Debug|Any CPU
		{FD816EC5-F00E-4703-B053-606924251564}.Debug|Any CPU.Build.0 = Debug|Any CPU
		{FD816EC5-F00E-4703-B053-606924251564}.Release|Any CPU.ActiveCfg = Release|Any CPU
		{FD816EC5-F00E-4703-B053-606924251564}.Release|Any CPU.Build.0 = Release|Any CPU
	EndGlobalSection
	GlobalSection(SolutionProperties) = preSolution
		HideSolutionNode = FALSE
	EndGlobalSection
	GlobalSection(NestedProjects) = preSolution
		{FF932575-1FD1-4306-8AD2-7CF117622B57} = {02EA681E-C7D8-13C7-8484-4AC65E1B71E8}
		{E2767782-6BF8-4CCA-9997-74D803B88208} = {02EA681E-C7D8-13C7-8484-4AC65E1B71E8}
		{F70AE01D-B605-473D-97FD-3057AE555D07} = {3475B6FA-FE56-40D6-BBCD-154B9CD3049B}
		{8DEF46BC-FDFD-4240-9F95-4F67F9FC3A9C} = {3475B6FA-FE56-40D6-BBCD-154B9CD3049B}
		{5E83EBCA-577A-47DD-9CF1-1752E1A59617} = {9A97DCB1-011D-474A-82FF-A65AC151E371}
		{A4CE9D84-D6B2-48E5-B378-637AADFE6CBD} = {9A97DCB1-011D-474A-82FF-A65AC151E371}
		{D672210F-DD09-474F-8A53-89681951CEEA} = {3475B6FA-FE56-40D6-BBCD-154B9CD3049B}
		{EB501521-257E-0549-CD7B-89C777A33E1C} = {3475B6FA-FE56-40D6-BBCD-154B9CD3049B}
		{FD816EC5-F00E-4703-B053-606924251564} = {9A97DCB1-011D-474A-82FF-A65AC151E371}
		{9A97DCB1-011D-474A-82FF-A65AC151E371} = {3475B6FA-FE56-40D6-BBCD-154B9CD3049B}
	EndGlobalSection
	GlobalSection(ExtensibilityGlobals) = postSolution
		SolutionGuid = {BB9C8A4D-0B27-4A42-92AB-E8C6BF303EB9}
	EndGlobalSection
EndGlobal
